<?xml version="1.0" encoding="utf-8"?>
<Project ToolsVersion="4.0" xmlns="http://schemas.microsoft.com/developer/msbuild/2003">
  <ItemGroup>
    <Filter Include="Source Files">
      <UniqueIdentifier>{4FC737F1-C7A5-4376-A066-2A32D752A2FF}</UniqueIdentifier>
      <Extensions>cpp;c;cc;cxx;c++;cppm;ixx;def;odl;idl;hpj;bat;asm;asmx</Extensions>
    </Filter>
    <Filter Include="Header Files">
      <UniqueIdentifier>{93995380-89BD-4b04-88EB-625FBE52EBFB}</UniqueIdentifier>
      <Extensions>h;hh;hpp;hxx;h++;hm;inl;inc;ipp;xsd</Extensions>
    </Filter>
    <Filter Include="Resource Files">
      <UniqueIdentifier>{67DA6AB6-F800-4c08-8B7A-83BB121AAD01}</UniqueIdentifier>
      <Extensions>rc;ico;cur;bmp;dlg;rc2;rct;bin;rgs;gif;jpg;jpeg;jpe;resx;tiff;tif;png;wav;mfcribbon-ms</Extensions>
    </Filter>
    <Filter Include="recursion">
      <UniqueIdentifier>{b587fe07-0cf9-46f2-be6d-d184dd853a85}</UniqueIdentifier>
    </Filter>
    <Filter Include="array">
      <UniqueIdentifier>{d76f9798-e4de-4d52-9d93-69274f8bd465}</UniqueIdentifier>
    </Filter>
    <Filter Include="stack">
      <UniqueIdentifier>{26f34ab3-f6e6-4f35-92af-731683976bbb}</UniqueIdentifier>
    </Filter>
    <Filter Include="queue">
      <UniqueIdentifier>{e1a3ec28-1c8c-402b-9419-46ef411326c4}</UniqueIdentifier>
    </Filter>
    <Filter Include="list">
      <UniqueIdentifier>{7ac18b6f-1c2a-4f58-8d0f-453ce709eac4}</UniqueIdentifier>
    </Filter>
    <Filter Include="tree">
      <UniqueIdentifier>{a7261418-63d0-4322-9672-16ae876d51da}</UniqueIdentifier>
    </Filter>
    <Filter Include="priority_queue">
      <UniqueIdentifier>{7db7d463-ddc4-4d17-a251-6aa4742e3463}</UniqueIdentifier>
    </Filter>
    <Filter Include="graph">
      <UniqueIdentifier>{6b5c5285-670d-453e-a204-e545e9e97290}</UniqueIdentifier>
    </Filter>
    <Filter Include="sort">
      <UniqueIdentifier>{ac81fd3f-274f-4fab-9dd5-af8abd7cb50b}</UniqueIdentifier>
    </Filter>
    <Filter Include="search">
      <UniqueIdentifier>{194337b9-ba3a-481c-a5c1-c5bc530725b1}</UniqueIdentifier>
    </Filter>
  </ItemGroup>
  <ItemGroup>
    <ClCompile Include="main.cpp">
      <Filter>Source Files</Filter>
    </ClCompile>
    <ClCompile Include="recursion\recursion.cpp">
      <Filter>recursion</Filter>
    </ClCompile>
    <ClCompile Include="array\polynomial.cpp">
      <Filter>array</Filter>
    </ClCompile>
    <ClCompile Include="array\matrix.cpp">
      <Filter>array</Filter>
    </ClCompile>
    <ClCompile Include="stack\stack_application.cpp">
      <Filter>stack</Filter>
    </ClCompile>
    <ClCompile Include="queue\queue_application.cpp">
      <Filter>queue</Filter>
    </ClCompile>
    <ClCompile Include="list\linked_list_application.cpp">
      <Filter>list</Filter>
    </ClCompile>
    <ClCompile Include="tree\binary_tree_application.cpp">
      <Filter>tree</Filter>
    </ClCompile>
    <ClCompile Include="priority_queue\heap_application.cpp">
      <Filter>priority_queue</Filter>
    </ClCompile>
    <ClCompile Include="graph\mst.cpp">
      <Filter>graph</Filter>
    </ClCompile>
    <ClCompile Include="graph\shortest_path.cpp">
      <Filter>graph</Filter>
    </ClCompile>
    <ClCompile Include="list\singly_linked_list.cpp">
      <Filter>list</Filter>
    </ClCompile>
    <ClCompile Include="graph\topology_sort.cpp">
      <Filter>graph</Filter>
    </ClCompile>
    <ClCompile Include="sort\sort.cpp">
      <Filter>sort</Filter>
    </ClCompile>
    <ClCompile Include="search\search_array.cpp">
      <Filter>search</Filter>
    </ClCompile>
    <ClCompile Include="tree\avl_tree.cpp">
      <Filter>tree</Filter>
    </ClCompile>
  </ItemGroup>
  <ItemGroup>
    <ClInclude Include="recursion\recursion.h">
      <Filter>recursion</Filter>
    </ClInclude>
    <ClInclude Include="array\array.h">
      <Filter>array</Filter>
    </ClInclude>
    <ClInclude Include="array\polynomial.h">
      <Filter>array</Filter>
    </ClInclude>
    <ClInclude Include="array\matrix.h">
      <Filter>array</Filter>
    </ClInclude>
    <ClInclude Include="stack\stack.h">
      <Filter>stack</Filter>
    </ClInclude>
    <ClInclude Include="stack\stack_application.h">
      <Filter>stack</Filter>
    </ClInclude>
    <ClInclude Include="queue\linear_queue.h">
      <Filter>queue</Filter>
    </ClInclude>
    <ClInclude Include="queue\ring_queue.h">
      <Filter>queue</Filter>
    </ClInclude>
    <ClInclude Include="queue\queue_application.h">
      <Filter>queue</Filter>
    </ClInclude>
    <ClInclude Include="queue\deque.h">
      <Filter>queue</Filter>
    </ClInclude>
    <ClInclude Include="list\array_list.h">
      <Filter>list</Filter>
    </ClInclude>
    <ClInclude Include="list\singly_linked_list.h">
      <Filter>list</Filter>
    </ClInclude>
    <ClInclude Include="list\linked_list_application.h">
      <Filter>list</Filter>
    </ClInclude>
    <ClInclude Include="list\ring_liked_list.h">
      <Filter>list</Filter>
    </ClInclude>
    <ClInclude Include="list\doubly_linked_list.h">
      <Filter>list</Filter>
    </ClInclude>
    <ClInclude Include="list\linked_stack.h">
      <Filter>list</Filter>
    </ClInclude>
    <ClInclude Include="list\linked_queue.h">
      <Filter>list</Filter>
    </ClInclude>
    <ClInclude Include="tree\binary_tree.h">
      <Filter>tree</Filter>
    </ClInclude>
    <ClInclude Include="tree\tree.h">
      <Filter>tree</Filter>
    </ClInclude>
    <ClInclude Include="tree\binary_tree_application.h">
      <Filter>tree</Filter>
    </ClInclude>
    <ClInclude Include="tree\threaded_binary_tree.h">
      <Filter>tree</Filter>
    </ClInclude>
    <ClInclude Include="tree\binary_search_tree.h">
      <Filter>tree</Filter>
    </ClInclude>
    <ClInclude Include="priority_queue\heap.h">
      <Filter>priority_queue</Filter>
    </ClInclude>
    <ClInclude Include="priority_queue\heap_application.h">
      <Filter>priority_queue</Filter>
    </ClInclude>
    <ClInclude Include="graph\adjacent_matrix.h">
      <Filter>graph</Filter>
    </ClInclude>
    <ClInclude Include="graph\adjacent_list.h">
      <Filter>graph</Filter>
    </ClInclude>
    <ClInclude Include="graph\mst.h">
      <Filter>graph</Filter>
    </ClInclude>
    <ClInclude Include="graph\shortest_path.h">
      <Filter>graph</Filter>
    </ClInclude>
    <ClInclude Include="graph\topology_sort.h">
      <Filter>graph</Filter>
    </ClInclude>
    <ClInclude Include="sort\sort.h">
      <Filter>sort</Filter>
    </ClInclude>
    <ClInclude Include="search\search_array.h">
      <Filter>search</Filter>
    </ClInclude>
    <ClInclude Include="tree\avl_tree.h">
      <Filter>tree</Filter>
    </ClInclude>
  </ItemGroup>
</Project>